<?xml version="1.0" encoding="utf-8"?>
<Project ToolsVersion="4.0" xmlns="http://schemas.microsoft.com/developer/msbuild/2003">
  <ItemGroup>
    <Filter Include="ソース ファイル">
      <UniqueIdentifier>{4FC737F1-C7A5-4376-A066-2A32D752A2FF}</UniqueIdentifier>
      <Extensions>cpp;c;cc;cxx;def;odl;idl;hpj;bat;asm;asmx</Extensions>
    </Filter>
    <Filter Include="ヘッダー ファイル">
      <UniqueIdentifier>{93995380-89BD-4b04-88EB-625FBE52EBFB}</UniqueIdentifier>
      <Extensions>h;hh;hpp;hxx;hm;inl;inc;ipp;xsd</Extensions>
    </Filter>
    <Filter Include="リソース ファイル">
      <UniqueIdentifier>{67DA6AB6-F800-4c08-8B7A-83BB121AAD01}</UniqueIdentifier>
      <Extensions>rc;ico;cur;bmp;dlg;rc2;rct;bin;rgs;gif;jpg;jpeg;jpe;resx;tiff;tif;png;wav;mfcribbon-ms</Extensions>
    </Filter>
    <Filter Include="ヘッダー ファイル\RayTracing">
      <UniqueIdentifier>{028fe9d1-ba89-4927-a899-cee05fa935d7}</UniqueIdentifier>
    </Filter>
    <Filter Include="ヘッダー ファイル\Misc">
      <UniqueIdentifier>{74b96a08-456b-4d82-a33f-11eeabd5dae8}</UniqueIdentifier>
    </Filter>
    <Filter Include="ヘッダー ファイル\Vulkan">
      <UniqueIdentifier>{8c59ac00-33c7-481a-a46e-4948aa579d6d}</UniqueIdentifier>
    </Filter>
    <Filter Include="ヘッダー ファイル\Core">
      <UniqueIdentifier>{946b5689-03a5-4c2d-b94b-d2b4eccdfd39}</UniqueIdentifier>
    </Filter>
    <Filter Include="ソース ファイル\Core">
      <UniqueIdentifier>{472ce03e-ce18-4dc7-b48c-522cb6b21ed5}</UniqueIdentifier>
    </Filter>
    <Filter Include="ソース ファイル\Vulkan">
      <UniqueIdentifier>{ed7fa223-adf0-43d7-af22-151aa57391d1}</UniqueIdentifier>
    </Filter>
    <Filter Include="ソース ファイル\Vulkan\RenderPipeline">
      <UniqueIdentifier>{d0f75808-8d99-4243-97d9-a9b4ab1d1696}</UniqueIdentifier>
    </Filter>
    <Filter Include="ソース ファイル\Vulkan\RenderPipeline\Builder">
      <UniqueIdentifier>{fdce3918-aa7f-4a8e-a816-82f2f16530ea}</UniqueIdentifier>
    </Filter>
    <Filter Include="ヘッダー ファイル\Vulkan\RenderPipeline">
      <UniqueIdentifier>{8a6ccb26-4442-41df-b099-fd8718f8ae24}</UniqueIdentifier>
    </Filter>
    <Filter Include="ヘッダー ファイル\Vulkan\RenderPipeline\Builder">
      <UniqueIdentifier>{31384ba7-b133-4d96-a66b-b919d7c3a6b7}</UniqueIdentifier>
    </Filter>
    <Filter Include="ソース ファイル\Simple">
      <UniqueIdentifier>{1078652a-e642-4f54-9589-306f1ebadabd}</UniqueIdentifier>
    </Filter>
    <Filter Include="ヘッダー ファイル\Simple">
      <UniqueIdentifier>{fb2ffa48-938a-454d-90e2-da6a7f202bf3}</UniqueIdentifier>
    </Filter>
    <Filter Include="ヘッダー ファイル\Core\Math">
      <UniqueIdentifier>{3da5334a-2fd9-4129-9893-bfe3addd04d4}</UniqueIdentifier>
    </Filter>
    <Filter Include="ソース ファイル\Core\Math">
      <UniqueIdentifier>{92d6f1a7-b8b3-4a8c-9e35-dc56aaea8924}</UniqueIdentifier>
    </Filter>
    <Filter Include="ソース ファイル\Vulkan\Loader">
      <UniqueIdentifier>{47b50d60-d02b-4fbb-b4bc-d4566fb6b2d0}</UniqueIdentifier>
    </Filter>
    <Filter Include="ソース ファイル\Vulkan\DrawService">
      <UniqueIdentifier>{29fc9145-f4b0-4085-b703-de29ff6dee65}</UniqueIdentifier>
    </Filter>
    <Filter Include="ヘッダー ファイル\Vulkan\DrawService">
      <UniqueIdentifier>{250e4fcb-ca37-4c5c-a758-b0050dbfc8ce}</UniqueIdentifier>
    </Filter>
    <Filter Include="ソース ファイル\Vulkan\Core">
      <UniqueIdentifier>{416570ca-f2f2-4b33-8aec-9acd5ac21469}</UniqueIdentifier>
    </Filter>
    <Filter Include="ソース ファイル\Vulkan\Component">
      <UniqueIdentifier>{c7779008-b175-4350-93d1-2729997d59f0}</UniqueIdentifier>
    </Filter>
    <Filter Include="ヘッダー ファイル\Vulkan\Loader">
      <UniqueIdentifier>{e53aee68-73d2-4b8c-8018-481e674cccea}</UniqueIdentifier>
    </Filter>
    <Filter Include="ヘッダー ファイル\Vulkan\Core">
      <UniqueIdentifier>{15f8f44b-4dc2-44dc-883f-b47b77d8d594}</UniqueIdentifier>
    </Filter>
    <Filter Include="ヘッダー ファイル\Vulkan\Component">
      <UniqueIdentifier>{23b7d53d-38aa-4bf8-98f5-43310f72c6f5}</UniqueIdentifier>
    </Filter>
    <Filter Include="ヘッダー ファイル\Vulkan\Shader">
      <UniqueIdentifier>{f1cc0e17-1d11-4411-bc80-e4fdf01dd1e9}</UniqueIdentifier>
    </Filter>
    <Filter Include="ソース ファイル\Vulkan\Shader">
      <UniqueIdentifier>{f42fa738-b51e-4d8a-a87a-e0c204338ff8}</UniqueIdentifier>
    </Filter>
    <Filter Include="ヘッダー ファイル\Simple\Interface">
      <UniqueIdentifier>{826e9dbc-54cd-4eb1-97e5-b5018ebe5213}</UniqueIdentifier>
    </Filter>
    <Filter Include="ヘッダー ファイル\Vulkan\Core\Interface">
      <UniqueIdentifier>{e3398a79-7b01-43f1-9a10-64799e7e6f3d}</UniqueIdentifier>
    </Filter>
  </ItemGroup>
  <ItemGroup>
    <ClCompile Include="StdAfx.cpp">
      <Filter>ソース ファイル</Filter>
    </ClCompile>
    <ClCompile Include="main_loop\main.cpp">
      <Filter>ソース ファイル</Filter>
    </ClCompile>
    <ClCompile Include="vulkan\allocator\custom_allocator.cpp">
      <Filter>ソース ファイル\Vulkan</Filter>
    </ClCompile>
    <ClCompile Include="vulkan\command_buffer\buffer.cpp">
      <Filter>ソース ファイル\Vulkan</Filter>
    </ClCompile>
    <ClCompile Include="vulkan\command_buffer\command_buffer.cpp">
      <Filter>ソース ファイル\Vulkan</Filter>
    </ClCompile>
    <ClCompile Include="vulkan\command_buffer\drawable_buffer.cpp">
      <Filter>ソース ファイル\Vulkan</Filter>
    </ClCompile>
    <ClCompile Include="vulkan\component\behaviour.cpp">
      <Filter>ソース ファイル\Core</Filter>
    </ClCompile>
    <ClCompile Include="vulkan\component\camera.cpp">
      <Filter>ソース ファイル\Vulkan\Component</Filter>
    </ClCompile>
    <ClCompile Include="vulkan\component\model_renderer.cpp">
      <Filter>ソース ファイル\Vulkan\Component</Filter>
    </ClCompile>
    <ClCompile Include="vulkan\component\transform.cpp">
      <Filter>ソース ファイル\Core</Filter>
    </ClCompile>
    <ClCompile Include="vulkan\core\image_view.cpp">
      <Filter>ソース ファイル\Vulkan</Filter>
    </ClCompile>
    <ClCompile Include="vulkan\core\logical_device.cpp">
      <Filter>ソース ファイル\Vulkan\Core</Filter>
    </ClCompile>
    <ClCompile Include="vulkan\core\physical_device.cpp">
      <Filter>ソース ファイル\Vulkan\Core</Filter>
    </ClCompile>
    <ClCompile Include="vulkan\core\physical_device_owner.cpp">
      <Filter>ソース ファイル\Vulkan\Core</Filter>
    </ClCompile>
    <ClCompile Include="vulkan\core\queue_family.cpp">
      <Filter>ソース ファイル\Vulkan</Filter>
    </ClCompile>
    <ClCompile Include="vulkan\core\surface.cpp">
      <Filter>ソース ファイル\Vulkan\Core</Filter>
    </ClCompile>
    <ClCompile Include="vulkan\core\swapchain.cpp">
      <Filter>ソース ファイル\Vulkan\Core</Filter>
    </ClCompile>
    <ClCompile Include="vulkan\core\swapchain_image_views.cpp">
      <Filter>ソース ファイル\Vulkan\Core</Filter>
    </ClCompile>
    <ClCompile Include="vulkan\core\vulkan_device.cpp">
      <Filter>ソース ファイル\Vulkan\Core</Filter>
    </ClCompile>
    <ClCompile Include="vulkan\core\vulkan_graphics_backend.cpp">
      <Filter>ソース ファイル\Vulkan\Core</Filter>
    </ClCompile>
    <ClCompile Include="vulkan\core\vulkan_graphics_device.cpp">
      <Filter>ソース ファイル\Vulkan\Core</Filter>
    </ClCompile>
    <ClCompile Include="vulkan\core\vulkan_instance.cpp">
      <Filter>ソース ファイル\Vulkan\Core</Filter>
    </ClCompile>
    <ClCompile Include="vulkan\debug\debug_utils.cpp">
      <Filter>ソース ファイル\Vulkan</Filter>
    </ClCompile>
    <ClCompile Include="vulkan\loader\model_loader.cpp">
      <Filter>ソース ファイル\Vulkan\Loader</Filter>
    </ClCompile>
    <ClCompile Include="vulkan\loader\shader_loader.cpp">
      <Filter>ソース ファイル\Vulkan\Loader</Filter>
    </ClCompile>
    <ClCompile Include="vulkan\loader\simple_loader.cpp">
      <Filter>ソース ファイル\Simple</Filter>
    </ClCompile>
    <ClCompile Include="vulkan\loader\texture_loader.cpp">
      <Filter>ソース ファイル\Vulkan\Loader</Filter>
    </ClCompile>
    <ClCompile Include="vulkan\math\quaternion.cpp">
      <Filter>ソース ファイル\Core\Math</Filter>
    </ClCompile>
    <ClCompile Include="vulkan\math\ray.cpp">
      <Filter>ソース ファイル\Core\Math</Filter>
    </ClCompile>
    <ClCompile Include="vulkan\math\vector3.cpp">
      <Filter>ソース ファイル\Core\Math</Filter>
    </ClCompile>
    <ClCompile Include="vulkan\render_pipeline\pipeline_builder.cpp">
      <Filter>ソース ファイル\Vulkan\RenderPipeline\Builder</Filter>
    </ClCompile>
    <ClCompile Include="vulkan\render_pipeline\pipeline_layout.cpp">
      <Filter>ソース ファイル\Vulkan</Filter>
    </ClCompile>
    <ClCompile Include="vulkan\render_pipeline\vulkan_render_pipeline.cpp">
      <Filter>ソース ファイル\Vulkan\RenderPipeline</Filter>
    </ClCompile>
    <ClCompile Include="vulkan\render_pipeline\vulkan_texture_builder.cpp">
      <Filter>ソース ファイル</Filter>
    </ClCompile>
    <ClCompile Include="vulkan\graphics_resource\material\material.cpp">
      <Filter>ソース ファイル\Vulkan</Filter>
    </ClCompile>
    <ClCompile Include="vulkan\graphics_resource\shader\shader.cpp">
      <Filter>ソース ファイル\Vulkan\Shader</Filter>
    </ClCompile>
    <ClCompile Include="vulkan\graphics_resource\shader\shader_stage.cpp">
      <Filter>ソース ファイル\Vulkan\Shader</Filter>
    </ClCompile>
    <ClCompile Include="vulkan\render_pipeline\builder\camera_pipeline_builder.cpp">
      <Filter>ソース ファイル\Vulkan\RenderPipeline\Builder</Filter>
    </ClCompile>
    <ClCompile Include="vulkan\render_pipeline\builder\descriptor_pipeline_builder.cpp">
      <Filter>ソース ファイル\Vulkan\RenderPipeline\Builder</Filter>
    </ClCompile>
    <ClCompile Include="vulkan\render_pipeline\builder\model_pipeline_builder.cpp">
      <Filter>ソース ファイル\Vulkan\RenderPipeline\Builder</Filter>
    </ClCompile>
    <ClCompile Include="vulkan\render_pipeline\builder\render_pass_pipeline_builder.cpp">
      <Filter>ソース ファイル\Vulkan\RenderPipeline\Builder</Filter>
    </ClCompile>
    <ClCompile Include="vulkan\render_pipeline\builder\shader_pipeline_builder.cpp">
      <Filter>ソース ファイル\Vulkan\RenderPipeline\Builder</Filter>
    </ClCompile>
    <ClCompile Include="vulkan\service\draw_service\default_draw_service.cpp">
      <Filter>ソース ファイル\Vulkan\DrawService</Filter>
    </ClCompile>
    <ClCompile Include="vulkan\service\draw_service\draw_service.cpp">
      <Filter>ソース ファイル\Vulkan\DrawService</Filter>
    </ClCompile>
    <ClCompile Include="vulkan\service\hierarchy_service\default_hierarchy_service.cpp">
      <Filter>ソース ファイル\Core</Filter>
    </ClCompile>
    <ClCompile Include="vulkan\service\hierarchy_service\hierarchy_service.cpp">
      <Filter>ソース ファイル\Core</Filter>
    </ClCompile>
    <ClCompile Include="main_loop\use_case\simple_main_code.cpp">
      <Filter>ソース ファイル\Simple</Filter>
    </ClCompile>
    <ClCompile Include="main_loop\use_case\simple_main_loop.cpp">
      <Filter>ソース ファイル\Simple</Filter>
    </ClCompile>
    <ClCompile Include="main_loop\use_case\simple_shader_parameter.cpp">
      <Filter>ソース ファイル\Vulkan\Shader</Filter>
    </ClCompile>
    <ClCompile Include="main_loop\use_case\vulkan_sample_loop01.cpp">
      <Filter>ソース ファイル\Simple</Filter>
    </ClCompile>
    <ClCompile Include="vulkan\graphics_resource\model\model.cpp">
      <Filter>ソース ファイル\Vulkan</Filter>
    </ClCompile>
    <ClCompile Include="vulkan\graphics_resource\texture\texture.cpp">
      <Filter>ソース ファイル\Vulkan</Filter>
    </ClCompile>
    <ClCompile Include="vulkan\graphics_resource\texture\texture_factory.cpp">
      <Filter>ソース ファイル</Filter>
    </ClCompile>
  </ItemGroup>
  <ItemGroup>
    <ClInclude Include="resource.h">
      <Filter>ヘッダー ファイル</Filter>
    </ClInclude>
    <ClInclude Include="stdafx.h">
      <Filter>ヘッダー ファイル</Filter>
    </ClInclude>
    <ClInclude Include="vulkan\allocator\Allocator.h">
      <Filter>ヘッダー ファイル\Vulkan</Filter>
    </ClInclude>
    <ClInclude Include="vulkan\allocator\custom_allocator.h">
      <Filter>ヘッダー ファイル\Vulkan</Filter>
    </ClInclude>
    <ClInclude Include="vulkan\command_buffer\buffer.h">
      <Filter>ヘッダー ファイル\Vulkan</Filter>
    </ClInclude>
    <ClInclude Include="vulkan\command_buffer\command_buffer.h">
      <Filter>ヘッダー ファイル\Vulkan</Filter>
    </ClInclude>
    <ClInclude Include="vulkan\command_buffer\CommandPool.h">
      <Filter>ヘッダー ファイル\Vulkan</Filter>
    </ClInclude>
    <ClInclude Include="vulkan\command_buffer\drawable_buffer.h">
      <Filter>ヘッダー ファイル\Vulkan</Filter>
    </ClInclude>
    <ClInclude Include="vulkan\command_buffer\uniform_buffer.h">
      <Filter>ヘッダー ファイル\Vulkan</Filter>
    </ClInclude>
    <ClInclude Include="vulkan\component\behaviour.h">
      <Filter>ヘッダー ファイル\Core</Filter>
    </ClInclude>
    <ClInclude Include="vulkan\component\camera.h">
      <Filter>ヘッダー ファイル\Vulkan\Component</Filter>
    </ClInclude>
    <ClInclude Include="vulkan\component\model_renderer.h">
      <Filter>ヘッダー ファイル\Vulkan\Component</Filter>
    </ClInclude>
    <ClInclude Include="vulkan\component\transform.h">
      <Filter>ヘッダー ファイル\Core</Filter>
    </ClInclude>
    <ClInclude Include="vulkan\core\graphics_backend.h">
      <Filter>ヘッダー ファイル\Vulkan\Core</Filter>
    </ClInclude>
    <ClInclude Include="vulkan\core\graphics_device.h">
      <Filter>ヘッダー ファイル\Vulkan\Core</Filter>
    </ClInclude>
    <ClInclude Include="vulkan\core\graphics_instance.h">
      <Filter>ヘッダー ファイル\Vulkan\Core</Filter>
    </ClInclude>
    <ClInclude Include="vulkan\core\image_view.h">
      <Filter>ヘッダー ファイル\Vulkan</Filter>
    </ClInclude>
    <ClInclude Include="vulkan\core\logical_device.h">
      <Filter>ヘッダー ファイル\Vulkan</Filter>
    </ClInclude>
    <ClInclude Include="vulkan\core\physical_device.h">
      <Filter>ヘッダー ファイル\Vulkan\Core</Filter>
    </ClInclude>
    <ClInclude Include="vulkan\core\physical_device_owner.h">
      <Filter>ヘッダー ファイル\Vulkan\Core</Filter>
    </ClInclude>
    <ClInclude Include="vulkan\core\queue_family.h">
      <Filter>ヘッダー ファイル\Vulkan</Filter>
    </ClInclude>
    <ClInclude Include="vulkan\core\surface.h">
      <Filter>ヘッダー ファイル\Vulkan\Core</Filter>
    </ClInclude>
    <ClInclude Include="vulkan\core\swapchain.h">
      <Filter>ヘッダー ファイル\Vulkan\Core</Filter>
    </ClInclude>
    <ClInclude Include="vulkan\core\swapchain_image_views.h">
      <Filter>ヘッダー ファイル\Vulkan\Core</Filter>
    </ClInclude>
    <ClInclude Include="vulkan\core\vkUniqueObjects.h">
      <Filter>リソース ファイル</Filter>
    </ClInclude>
    <ClInclude Include="vulkan\core\vulkan_device.h">
      <Filter>ヘッダー ファイル\Vulkan\Core</Filter>
    </ClInclude>
    <ClInclude Include="vulkan\core\vulkan_graphics_backend.h">
      <Filter>ヘッダー ファイル\Vulkan\Core</Filter>
    </ClInclude>
    <ClInclude Include="vulkan\core\vulkan_graphics_device.h">
      <Filter>ヘッダー ファイル\Vulkan\Core</Filter>
    </ClInclude>
    <ClInclude Include="vulkan\core\vulkan_instance.h">
      <Filter>ヘッダー ファイル\Vulkan\Core</Filter>
    </ClInclude>
    <ClInclude Include="vulkan\core\window.h">
      <Filter>ヘッダー ファイル\Vulkan</Filter>
    </ClInclude>
    <ClInclude Include="vulkan\debug\debug_utils.h">
      <Filter>ヘッダー ファイル\Vulkan</Filter>
    </ClInclude>
    <ClInclude Include="vulkan\loader\binaryLoader.h">
      <Filter>リソース ファイル</Filter>
    </ClInclude>
    <ClInclude Include="vulkan\loader\iloader.h">
      <Filter>ヘッダー ファイル\Simple\Interface</Filter>
    </ClInclude>
    <ClInclude Include="vulkan\loader\model_loader.h">
      <Filter>ヘッダー ファイル\Vulkan\Loader</Filter>
    </ClInclude>
    <ClInclude Include="vulkan\loader\shader_loader.h">
      <Filter>ヘッダー ファイル\Vulkan\Loader</Filter>
    </ClInclude>
    <ClInclude Include="vulkan\loader\simple_loader.h">
      <Filter>ヘッダー ファイル\Simple</Filter>
    </ClInclude>
    <ClInclude Include="vulkan\loader\texture_loader.h">
      <Filter>ヘッダー ファイル\Vulkan\Loader</Filter>
    </ClInclude>
    <ClInclude Include="vulkan\math\hittable.h">
      <Filter>ヘッダー ファイル\RayTracing</Filter>
    </ClInclude>
    <ClInclude Include="vulkan\math\quaternion.h">
      <Filter>ヘッダー ファイル\Core\Math</Filter>
    </ClInclude>
    <ClInclude Include="vulkan\math\ray.h">
      <Filter>ヘッダー ファイル\RayTracing</Filter>
    </ClInclude>
    <ClInclude Include="vulkan\math\vector3.h">
      <Filter>ヘッダー ファイル\Core\Math</Filter>
    </ClInclude>
    <ClInclude Include="vulkan\primitive\vertex.h">
      <Filter>ヘッダー ファイル\Vulkan</Filter>
    </ClInclude>
    <ClInclude Include="vulkan\render_pipeline\irender_pipeline.h">
      <Filter>ヘッダー ファイル\Vulkan\Core\Interface</Filter>
    </ClInclude>
    <ClInclude Include="vulkan\render_pipeline\pipeline_builder.h">
      <Filter>ヘッダー ファイル\Vulkan\RenderPipeline\Builder</Filter>
    </ClInclude>
    <ClInclude Include="vulkan\render_pipeline\pipeline_layout.h">
      <Filter>ヘッダー ファイル\Vulkan</Filter>
    </ClInclude>
    <ClInclude Include="vulkan\render_pipeline\vulkan_render_pipeline.h">
      <Filter>ヘッダー ファイル\Vulkan\RenderPipeline</Filter>
    </ClInclude>
    <ClInclude Include="vulkan\render_pipeline\vulkan_texture_builder.h">
      <Filter>ヘッダー ファイル</Filter>
    </ClInclude>
    <ClInclude Include="vulkan\utils\macro.h">
      <Filter>ヘッダー ファイル\Core</Filter>
    </ClInclude>
    <ClInclude Include="vulkan\utils\memory_utils.h">
      <Filter>ヘッダー ファイル\Vulkan</Filter>
    </ClInclude>
    <ClInclude Include="vulkan\utils\vulkan_utils.h">
      <Filter>ヘッダー ファイル\Vulkan\Core</Filter>
    </ClInclude>
    <ClInclude Include="vulkan\core\interface\igraphics_backend.h">
      <Filter>ヘッダー ファイル\Vulkan\Core\Interface</Filter>
    </ClInclude>
    <ClInclude Include="vulkan\core\interface\igraphics_device.h">
      <Filter>ヘッダー ファイル\Vulkan\Core\Interface</Filter>
    </ClInclude>
    <ClInclude Include="vulkan\core\interface\igraphics_handle.h">
      <Filter>ヘッダー ファイル\Vulkan\Core\Interface</Filter>
    </ClInclude>
    <ClInclude Include="vulkan\core\interface\igraphics_instance.h">
      <Filter>ヘッダー ファイル\Vulkan\Core\Interface</Filter>
    </ClInclude>
    <ClInclude Include="vulkan\core\interface\isurface.h">
      <Filter>ヘッダー ファイル\Vulkan\Core\Interface</Filter>
    </ClInclude>
    <ClInclude Include="vulkan\core\interface\iswapchain.h">
      <Filter>ヘッダー ファイル\Vulkan\Core\Interface</Filter>
    </ClInclude>
    <ClInclude Include="vulkan\core\interface\itexture.h">
      <Filter>ヘッダー ファイル\Vulkan</Filter>
    </ClInclude>
    <ClInclude Include="vulkan\core\interface\itexture_builder.h">
      <Filter>ヘッダー ファイル</Filter>
    </ClInclude>
    <ClInclude Include="vulkan\core\interface\itexture_creator.h">
      <Filter>ヘッダー ファイル\Vulkan</Filter>
    </ClInclude>
    <ClInclude Include="vulkan\core\interface\iwindow.h">
      <Filter>ヘッダー ファイル\Vulkan\Core\Interface</Filter>
    </ClInclude>
    <ClInclude Include="vulkan\graphics_resource\material\material.h">
      <Filter>ヘッダー ファイル\Vulkan</Filter>
    </ClInclude>
    <ClInclude Include="vulkan\graphics_resource\shader\ishader_parameter.h">
      <Filter>ヘッダー ファイル\Vulkan</Filter>
    </ClInclude>
    <ClInclude Include="vulkan\graphics_resource\shader\shader.h">
      <Filter>ヘッダー ファイル\Vulkan\Shader</Filter>
    </ClInclude>
    <ClInclude Include="vulkan\graphics_resource\shader\shader_stage.h">
      <Filter>ヘッダー ファイル\Vulkan\Shader</Filter>
    </ClInclude>
    <ClInclude Include="vulkan\graphics_resource\texture\loadable_texture.h">
      <Filter>ヘッダー ファイル\Vulkan</Filter>
    </ClInclude>
    <ClInclude Include="vulkan\render_pipeline\builder\camera_pipeline_builder.h">
      <Filter>ヘッダー ファイル\Vulkan\RenderPipeline\Builder</Filter>
    </ClInclude>
    <ClInclude Include="vulkan\render_pipeline\builder\descriptor_pipeline_builder.h">
      <Filter>ヘッダー ファイル\Vulkan\RenderPipeline\Builder</Filter>
    </ClInclude>
    <ClInclude Include="vulkan\render_pipeline\builder\model_pipeline_builder.h">
      <Filter>ヘッダー ファイル\Vulkan\RenderPipeline\Builder</Filter>
    </ClInclude>
    <ClInclude Include="vulkan\render_pipeline\builder\render_pass_pipeline_builder.h">
      <Filter>ヘッダー ファイル\Vulkan\RenderPipeline\Builder</Filter>
    </ClInclude>
    <ClInclude Include="vulkan\render_pipeline\builder\shader_pipeline_builder.h">
      <Filter>ヘッダー ファイル\Vulkan\RenderPipeline\Builder</Filter>
    </ClInclude>
    <ClInclude Include="vulkan\service\draw_service\default_draw_service.h">
      <Filter>ヘッダー ファイル\Vulkan\DrawService</Filter>
    </ClInclude>
    <ClInclude Include="vulkan\service\draw_service\draw_service.h">
      <Filter>ヘッダー ファイル\Vulkan\DrawService</Filter>
    </ClInclude>
    <ClInclude Include="vulkan\service\draw_service\idraw_service.h">
      <Filter>ヘッダー ファイル\Vulkan\DrawService</Filter>
    </ClInclude>
    <ClInclude Include="vulkan\service\hierarchy_service\default_hierarchy_service.h">
      <Filter>ヘッダー ファイル\Core</Filter>
    </ClInclude>
    <ClInclude Include="vulkan\service\hierarchy_service\hierarchy_service.h">
      <Filter>ヘッダー ファイル\Core</Filter>
    </ClInclude>
    <ClInclude Include="vulkan\service\hierarchy_service\ihierarchy_service.h">
      <Filter>ヘッダー ファイル\Core</Filter>
    </ClInclude>
    <ClInclude Include="main_loop\use_case\simple_main_code.h">
      <Filter>ヘッダー ファイル\Simple</Filter>
    </ClInclude>
    <ClInclude Include="main_loop\use_case\simple_main_loop.h">
      <Filter>ヘッダー ファイル\Simple</Filter>
    </ClInclude>
    <ClInclude Include="main_loop\use_case\simple_shader_parameter.h">
      <Filter>ヘッダー ファイル\Vulkan\Shader</Filter>
    </ClInclude>
    <ClInclude Include="main_loop\use_case\vulkan_sample_loop01.h">
      <Filter>ヘッダー ファイル\Simple</Filter>
    </ClInclude>
    <ClInclude Include="main_loop\interface\imain_code.h">
      <Filter>ヘッダー ファイル\Simple\Interface</Filter>
    </ClInclude>
    <ClInclude Include="main_loop\interface\imain_loop.h">
      <Filter>ヘッダー ファイル\Simple\Interface</Filter>
    </ClInclude>
    <ClInclude Include="main_loop\definition\user_define.h">
      <Filter>ヘッダー ファイル</Filter>
    </ClInclude>
    <ClInclude Include="vulkan\graphics_resource\model\model.h">
      <Filter>ヘッダー ファイル\Vulkan</Filter>
    </ClInclude>
    <ClInclude Include="vulkan\graphics_resource\texture\texture.h">
      <Filter>ヘッダー ファイル\Vulkan</Filter>
    </ClInclude>
    <ClInclude Include="vulkan\graphics_resource\texture\texture_factory.h">
      <Filter>ヘッダー ファイル</Filter>
    </ClInclude>
  </ItemGroup>
  <ItemGroup>
    <ResourceCompile Include="Vulkan2.rc">
      <Filter>リソース ファイル</Filter>
    </ResourceCompile>
  </ItemGroup>
  <ItemGroup>
    <None Include="main_loop\shader\Shader.frag">
      <Filter>ソース ファイル</Filter>
    </None>
    <None Include="main_loop\shader\Shader.vert">
      <Filter>ソース ファイル</Filter>
    </None>
  </ItemGroup>
</Project>